
Microsoft Visual Studio Solution File, Format Version 12.00
# Visual Studio Version 17
VisualStudioVersion = 17.13.35806.99 d17.13
MinimumVisualStudioVersion = 10.0.40219.1
Project("{FAE04EC0-301F-11D3-BF4B-00C04F79EFBC}") = "Bundling and Minification - Optimized", "Bundling and Minification - Optimized.csproj", "{4C08C16C-6EDB-47FE-A1AE-C14DFCF5AF90}"
EndProject
Global
	GlobalSection(SolutionConfigurationPlatforms) = preSolution
		Debug|Any CPU = Debug|Any CPU
		Release|Any CPU = Release|Any CPU
	EndGlobalSection
	GlobalSection(ProjectConfigurationPlatforms) = postSolution
		{4C08C16C-6EDB-47FE-A1AE-C14DFCF5AF90}.Debug|Any CPU.ActiveCfg = Debug|Any CPU
		{4C08C16C-6EDB-47FE-A1AE-C14DFCF5AF90}.Debug|Any CPU.Build.0 = Debug|Any CPU
		{4C08C16C-6EDB-47FE-A1AE-C14DFCF5AF90}.Release|Any CPU.ActiveCfg = Release|Any CPU
		{4C08C16C-6EDB-47FE-A1AE-C14DFCF5AF90}.Release|Any CPU.Build.0 = Release|Any CPU
	EndGlobalSection
	GlobalSection(SolutionProperties) = preSolution
		HideSolutionNode = FALSE
	EndGlobalSection
	GlobalSection(ExtensibilityGlobals) = postSolution
		SolutionGuid = {5AA702F8-A57E-43EC-9DE1-A722C75AD0CC}
	EndGlobalSection
EndGlobal
